{
	"name": "messageformat-website",
	"version": "2.1.0-monorepo",
	"lockfileVersion": 1,
	"requires": true,
	"dependencies": {
		"ansi-styles": {
			"version": "3.2.1",
			"resolved": "https://registry.npmjs.org/ansi-styles/-/ansi-styles-3.2.1.tgz",
			"integrity": "sha512-VT0ZI6kZRdTh8YyJw3SMbYm/u+NqfsAxEpWO0Pf9sq8/e94WxxOpPKx9FR1FlyCtOVDNOQ+8ntlqFxiRc+r5qA==",
			"dev": true,
			"requires": {
				"color-convert": "^1.9.0"
			}
		},
		"array-uniq": {
			"version": "1.0.3",
			"resolved": "https://registry.npmjs.org/array-uniq/-/array-uniq-1.0.3.tgz",
			"integrity": "sha1-r2rId6Jcx/dOBYiUdThY39sk/bY=",
			"dev": true
		},
		"babylon": {
			"version": "7.0.0-beta.19",
			"resolved": "https://registry.npmjs.org/babylon/-/babylon-7.0.0-beta.19.tgz",
			"integrity": "sha512-Vg0C9s/REX6/WIXN37UKpv5ZhRi6A4pjHlpkE34+8/a6c2W1Q692n3hmc+SZG5lKRnaExLUbxtJ1SVT+KaCQ/A==",
			"dev": true
		},
		"bluebird": {
			"version": "3.5.3",
			"resolved": "https://registry.npmjs.org/bluebird/-/bluebird-3.5.3.tgz",
			"integrity": "sha512-/qKPUQlaW1OyR51WeCPBvRnAlnZFUJkCSG5HzGnuIqhgyJtF+T94lFnn33eiazjRm2LAHVy2guNnaq48X9SJuw==",
			"dev": true
		},
		"bootswatch": {
			"version": "3.3.7",
			"resolved": "https://registry.npmjs.org/bootswatch/-/bootswatch-3.3.7.tgz",
			"integrity": "sha1-62+amoUjuHpwbqkd7sPg1+qoqx8=",
			"dev": true
		},
		"catharsis": {
			"version": "0.8.9",
			"resolved": "https://registry.npmjs.org/catharsis/-/catharsis-0.8.9.tgz",
			"integrity": "sha1-mMyJDKZS3S7w5ws3klMQ/56Q/Is=",
			"dev": true,
			"requires": {
				"underscore-contrib": "~0.3.0"
			}
		},
		"chalk": {
			"version": "2.4.1",
			"resolved": "https://registry.npmjs.org/chalk/-/chalk-2.4.1.tgz",
			"integrity": "sha512-ObN6h1v2fTJSmUXoS3nMQ92LbDK9be4TV+6G+omQlGJFdcUX5heKi1LZ1YnRMIgwTLEj3E24bT6tYni50rlCfQ==",
			"dev": true,
			"requires": {
				"ansi-styles": "^3.2.1",
				"escape-string-regexp": "^1.0.5",
				"supports-color": "^5.3.0"
			}
		},
		"color-convert": {
			"version": "1.9.3",
			"resolved": "https://registry.npmjs.org/color-convert/-/color-convert-1.9.3.tgz",
			"integrity": "sha512-QfAUtd+vFdAtFQcC8CCyYt1fYWxSqAiK2cSD6zDB8N3cpsEBAvRxp9zOGg6G/SHHJYAT88/az/IuDGALsNVbGg==",
			"dev": true,
			"requires": {
				"color-name": "1.1.3"
			}
		},
		"color-name": {
			"version": "1.1.3",
			"resolved": "https://registry.npmjs.org/color-name/-/color-name-1.1.3.tgz",
			"integrity": "sha1-p9BVi9icQveV3UIyj3QIMcpTvCU=",
			"dev": true
		},
		"dom-serializer": {
			"version": "0.1.0",
			"resolved": "https://registry.npmjs.org/dom-serializer/-/dom-serializer-0.1.0.tgz",
			"integrity": "sha1-BzxpdUbOB4DOI75KKOKT5AvDDII=",
			"dev": true,
			"requires": {
				"domelementtype": "~1.1.1",
				"entities": "~1.1.1"
			},
			"dependencies": {
				"domelementtype": {
					"version": "1.1.3",
					"resolved": "http://registry.npmjs.org/domelementtype/-/domelementtype-1.1.3.tgz",
					"integrity": "sha1-vSh3PiZCiBrsUVRJJCmcXNgiGFs=",
					"dev": true
				}
			}
		},
		"domelementtype": {
			"version": "1.3.1",
			"resolved": "https://registry.npmjs.org/domelementtype/-/domelementtype-1.3.1.tgz",
			"integrity": "sha512-BSKB+TSpMpFI/HOxCNr1O8aMOTZ8hT3pM3GQ0w/mWRmkhEDSFJkkyzz4XQsBV44BChwGkrDfMyjVD0eA2aFV3w==",
			"dev": true
		},
		"domhandler": {
			"version": "2.4.2",
			"resolved": "https://registry.npmjs.org/domhandler/-/domhandler-2.4.2.tgz",
			"integrity": "sha512-JiK04h0Ht5u/80fdLMCEmV4zkNh2BcoMFBmZ/91WtYZ8qVXSKjiw7fXMgFPnHcSZgOo3XdinHvmnDUeMf5R4wA==",
			"dev": true,
			"requires": {
				"domelementtype": "1"
			}
		},
		"domutils": {
			"version": "1.7.0",
			"resolved": "https://registry.npmjs.org/domutils/-/domutils-1.7.0.tgz",
			"integrity": "sha512-Lgd2XcJ/NjEw+7tFvfKxOzCYKZsdct5lczQ2ZaQY8Djz7pfAD3Gbp8ySJWtreII/vDlMVmxwa6pHmdxIYgttDg==",
			"dev": true,
			"requires": {
				"dom-serializer": "0",
				"domelementtype": "1"
			}
		},
		"entities": {
			"version": "1.1.2",
			"resolved": "https://registry.npmjs.org/entities/-/entities-1.1.2.tgz",
			"integrity": "sha512-f2LZMYl1Fzu7YSBKg+RoROelpOaNrcGmE9AZubeDfrCEia483oW4MI4VyFd5VNHIgQ/7qm1I0wUHK1eJnn2y2w==",
			"dev": true
		},
		"escape-string-regexp": {
			"version": "1.0.5",
			"resolved": "https://registry.npmjs.org/escape-string-regexp/-/escape-string-regexp-1.0.5.tgz",
			"integrity": "sha1-G2HAViGQqN/2rjuyzwIAyhMLhtQ=",
			"dev": true
		},
		"graceful-fs": {
			"version": "4.1.15",
			"resolved": "https://registry.npmjs.org/graceful-fs/-/graceful-fs-4.1.15.tgz",
			"integrity": "sha512-6uHUhOPEBgQ24HM+r6b/QwWfZq+yiFcipKFrOFiBEnWdy5sdzYoi+pJeQaPI5qOLRFqWmAXUPQNsielzdLoecA==",
			"dev": true
		},
		"has-flag": {
			"version": "3.0.0",
			"resolved": "https://registry.npmjs.org/has-flag/-/has-flag-3.0.0.tgz",
			"integrity": "sha1-tdRU3CGZriJWmfNGfloH87lVuv0=",
			"dev": true
		},
		"htmlparser2": {
			"version": "3.10.0",
			"resolved": "https://registry.npmjs.org/htmlparser2/-/htmlparser2-3.10.0.tgz",
			"integrity": "sha512-J1nEUGv+MkXS0weHNWVKJJ+UrLfePxRWpN3C9bEi9fLxL2+ggW94DQvgYVXsaT30PGwYRIZKNZXuyMhp3Di4bQ==",
			"dev": true,
			"requires": {
				"domelementtype": "^1.3.0",
				"domhandler": "^2.3.0",
				"domutils": "^1.5.1",
				"entities": "^1.1.1",
				"inherits": "^2.0.1",
				"readable-stream": "^3.0.6"
			}
		},
		"inherits": {
			"version": "2.0.3",
			"resolved": "https://registry.npmjs.org/inherits/-/inherits-2.0.3.tgz",
			"integrity": "sha1-Yzwsg+PaQqUC9SRmAiSA9CCCYd4=",
			"dev": true
		},
		"ink-docstrap": {
			"version": "github:messageformat/docstrap#5c118306e0080b9d3cb23c3d0c11d8fd867bfc15",
			"from": "github:messageformat/docstrap#messageformat",
			"dev": true,
			"requires": {
				"bootswatch": "^3.3.7",
				"moment": "^2.14.1",
				"sanitize-html": "^1.13.0"
			}
		},
		"js2xmlparser": {
			"version": "3.0.0",
			"resolved": "https://registry.npmjs.org/js2xmlparser/-/js2xmlparser-3.0.0.tgz",
			"integrity": "sha1-P7YOqgicVED5MZ9RdgzNB+JJlzM=",
			"dev": true,
			"requires": {
				"xmlcreate": "^1.0.1"
			}
		},
		"jsdoc": {
			"version": "3.5.5",
			"resolved": "https://registry.npmjs.org/jsdoc/-/jsdoc-3.5.5.tgz",
			"integrity": "sha512-6PxB65TAU4WO0Wzyr/4/YhlGovXl0EVYfpKbpSroSj0qBxT4/xod/l40Opkm38dRHRdQgdeY836M0uVnJQG7kg==",
			"dev": true,
			"requires": {
				"babylon": "7.0.0-beta.19",
				"bluebird": "~3.5.0",
				"catharsis": "~0.8.9",
				"escape-string-regexp": "~1.0.5",
				"js2xmlparser": "~3.0.0",
				"klaw": "~2.0.0",
				"marked": "~0.3.6",
				"mkdirp": "~0.5.1",
				"requizzle": "~0.2.1",
				"strip-json-comments": "~2.0.1",
				"taffydb": "2.6.2",
				"underscore": "~1.8.3"
			}
		},
		"klaw": {
			"version": "2.0.0",
			"resolved": "https://registry.npmjs.org/klaw/-/klaw-2.0.0.tgz",
			"integrity": "sha1-WcEo4Nxc5BAgEVEZTuucv4WGUPY=",
			"dev": true,
			"requires": {
				"graceful-fs": "^4.1.9"
			}
		},
		"lodash.clonedeep": {
			"version": "4.5.0",
			"resolved": "https://registry.npmjs.org/lodash.clonedeep/-/lodash.clonedeep-4.5.0.tgz",
			"integrity": "sha1-4j8/nE+Pvd6HJSnBBxhXoIblzO8=",
			"dev": true
		},
		"lodash.escaperegexp": {
			"version": "4.1.2",
			"resolved": "https://registry.npmjs.org/lodash.escaperegexp/-/lodash.escaperegexp-4.1.2.tgz",
			"integrity": "sha1-ZHYsSGGAglGKw99Mz11YhtriA0c=",
			"dev": true
		},
		"lodash.isplainobject": {
			"version": "4.0.6",
			"resolved": "https://registry.npmjs.org/lodash.isplainobject/-/lodash.isplainobject-4.0.6.tgz",
			"integrity": "sha1-fFJqUtibRcRcxpC4gWO+BJf1UMs=",
			"dev": true
		},
		"lodash.isstring": {
			"version": "4.0.1",
			"resolved": "https://registry.npmjs.org/lodash.isstring/-/lodash.isstring-4.0.1.tgz",
			"integrity": "sha1-1SfftUVuynzJu5XV2ur4i6VKVFE=",
			"dev": true
		},
		"lodash.mergewith": {
			"version": "4.6.1",
			"resolved": "https://registry.npmjs.org/lodash.mergewith/-/lodash.mergewith-4.6.1.tgz",
			"integrity": "sha512-eWw5r+PYICtEBgrBE5hhlT6aAa75f411bgDz/ZL2KZqYV03USvucsxcHUIlGTDTECs1eunpI7HOV7U+WLDvNdQ==",
			"dev": true
		},
		"marked": {
			"version": "0.3.19",
			"resolved": "http://registry.npmjs.org/marked/-/marked-0.3.19.tgz",
			"integrity": "sha512-ea2eGWOqNxPcXv8dyERdSr/6FmzvWwzjMxpfGB/sbMccXoct+xY+YukPD+QTUZwyvK7BZwcr4m21WBOW41pAkg==",
			"dev": true
		},
		"minimist": {
			"version": "0.0.8",
			"resolved": "http://registry.npmjs.org/minimist/-/minimist-0.0.8.tgz",
			"integrity": "sha1-hX/Kv8M5fSYluCKCYuhqp6ARsF0=",
			"dev": true
		},
		"mkdirp": {
			"version": "0.5.1",
			"resolved": "http://registry.npmjs.org/mkdirp/-/mkdirp-0.5.1.tgz",
			"integrity": "sha1-MAV0OOrGz3+MR2fzhkjWaX11yQM=",
			"dev": true,
			"requires": {
				"minimist": "0.0.8"
			}
		},
		"moment": {
			"version": "2.23.0",
			"resolved": "https://registry.npmjs.org/moment/-/moment-2.23.0.tgz",
			"integrity": "sha512-3IE39bHVqFbWWaPOMHZF98Q9c3LDKGTmypMiTM2QygGXXElkFWIH7GxfmlwmY2vwa+wmNsoYZmG2iusf1ZjJoA==",
			"dev": true
		},
		"number-is-nan": {
			"version": "1.0.1",
			"resolved": "https://registry.npmjs.org/number-is-nan/-/number-is-nan-1.0.1.tgz",
			"integrity": "sha1-CXtgK1NCKlIsGvuHkDGDNpQaAR0=",
			"dev": true
		},
		"postcss": {
			"version": "7.0.6",
			"resolved": "https://registry.npmjs.org/postcss/-/postcss-7.0.6.tgz",
			"integrity": "sha512-Nq/rNjnHFcKgCDDZYO0lNsl6YWe6U7tTy+ESN+PnLxebL8uBtYX59HZqvrj7YLK5UCyll2hqDsJOo3ndzEW8Ug==",
			"dev": true,
			"requires": {
				"chalk": "^2.4.1",
				"source-map": "^0.6.1",
				"supports-color": "^5.5.0"
			}
		},
		"readable-stream": {
			"version": "3.0.6",
			"resolved": "https://registry.npmjs.org/readable-stream/-/readable-stream-3.0.6.tgz",
			"integrity": "sha512-9E1oLoOWfhSXHGv6QlwXJim7uNzd9EVlWK+21tCU9Ju/kR0/p2AZYPz4qSchgO8PlLIH4FpZYfzwS+rEksZjIg==",
			"dev": true,
			"requires": {
				"inherits": "^2.0.3",
				"string_decoder": "^1.1.1",
				"util-deprecate": "^1.0.1"
			}
		},
		"requizzle": {
			"version": "0.2.1",
			"resolved": "https://registry.npmjs.org/requizzle/-/requizzle-0.2.1.tgz",
			"integrity": "sha1-aUPDUwxNmn5G8c3dUcFY/GcM294=",
			"dev": true,
			"requires": {
				"underscore": "~1.6.0"
			},
			"dependencies": {
				"underscore": {
					"version": "1.6.0",
					"resolved": "http://registry.npmjs.org/underscore/-/underscore-1.6.0.tgz",
					"integrity": "sha1-izixDKze9jM3uLJOT/htRa6lKag=",
					"dev": true
				}
			}
		},
		"safe-buffer": {
			"version": "5.1.2",
			"resolved": "https://registry.npmjs.org/safe-buffer/-/safe-buffer-5.1.2.tgz",
			"integrity": "sha512-Gd2UZBJDkXlY7GbJxfsE8/nvKkUEU1G38c1siN6QP6a9PT9MmHB8GnpscSmMJSoF8LOIrt8ud/wPtojys4G6+g==",
			"dev": true
		},
		"sanitize-html": {
			"version": "1.19.3",
			"resolved": "https://registry.npmjs.org/sanitize-html/-/sanitize-html-1.19.3.tgz",
			"integrity": "sha512-QpIjbF1rhUSQj9V7Wey/gv4DPqOso8KTebaI4rC97p0WCLnTpmhf7BJZUhS83MTtqRvUo8MuXH316CW2Nzd48w==",
			"dev": true,
			"requires": {
				"chalk": "^2.4.1",
				"htmlparser2": "^3.10.0",
				"lodash.clonedeep": "^4.5.0",
				"lodash.escaperegexp": "^4.1.2",
				"lodash.isplainobject": "^4.0.6",
				"lodash.isstring": "^4.0.1",
				"lodash.mergewith": "^4.6.1",
				"postcss": "^7.0.5",
				"srcset": "^1.0.0",
				"xtend": "^4.0.1"
			}
		},
		"source-map": {
			"version": "0.6.1",
			"resolved": "https://registry.npmjs.org/source-map/-/source-map-0.6.1.tgz",
			"integrity": "sha512-UjgapumWlbMhkBgzT7Ykc5YXUT46F0iKu8SGXq0bcwP5dz/h0Plj6enJqjz1Zbq2l5WaqYnrVbwWOWMyF3F47g==",
			"dev": true
		},
		"srcset": {
			"version": "1.0.0",
			"resolved": "https://registry.npmjs.org/srcset/-/srcset-1.0.0.tgz",
			"integrity": "sha1-pWad4StC87HV6D7QPHEEb8SPQe8=",
			"dev": true,
			"requires": {
				"array-uniq": "^1.0.2",
				"number-is-nan": "^1.0.0"
			}
		},
		"string_decoder": {
			"version": "1.2.0",
			"resolved": "https://registry.npmjs.org/string_decoder/-/string_decoder-1.2.0.tgz",
			"integrity": "sha512-6YqyX6ZWEYguAxgZzHGL7SsCeGx3V2TtOTqZz1xSTSWnqsbWwbptafNyvf/ACquZUXV3DANr5BDIwNYe1mN42w==",
			"dev": true,
			"requires": {
				"safe-buffer": "~5.1.0"
			}
		},
		"strip-json-comments": {
			"version": "2.0.1",
			"resolved": "https://registry.npmjs.org/strip-json-comments/-/strip-json-comments-2.0.1.tgz",
			"integrity": "sha1-PFMZQukIwml8DsNEhYwobHygpgo=",
			"dev": true
		},
		"supports-color": {
			"version": "5.5.0",
			"resolved": "https://registry.npmjs.org/supports-color/-/supports-color-5.5.0.tgz",
			"integrity": "sha512-QjVjwdXIt408MIiAqCX4oUKsgU2EqAGzs2Ppkm4aQYbjm+ZEWEcW4SfFNTr4uMNZma0ey4f5lgLrkB0aX0QMow==",
			"dev": true,
			"requires": {
				"has-flag": "^3.0.0"
			}
		},
		"taffydb": {
			"version": "2.6.2",
			"resolved": "https://registry.npmjs.org/taffydb/-/taffydb-2.6.2.tgz",
			"integrity": "sha1-fLy2S1oUG2ou/CxdLGe04VCyomg=",
			"dev": true
		},
		"underscore": {
			"version": "1.8.3",
			"resolved": "http://registry.npmjs.org/underscore/-/underscore-1.8.3.tgz",
			"integrity": "sha1-Tz+1OxBuYJf8+ctBCfKl6b36UCI=",
			"dev": true
		},
		"underscore-contrib": {
			"version": "0.3.0",
			"resolved": "https://registry.npmjs.org/underscore-contrib/-/underscore-contrib-0.3.0.tgz",
			"integrity": "sha1-ZltmwkeD+PorGMn4y7Dix9SMJsc=",
			"dev": true,
			"requires": {
				"underscore": "1.6.0"
			},
			"dependencies": {
				"underscore": {
					"version": "1.6.0",
					"resolved": "http://registry.npmjs.org/underscore/-/underscore-1.6.0.tgz",
					"integrity": "sha1-izixDKze9jM3uLJOT/htRa6lKag=",
					"dev": true
				}
			}
		},
		"util-deprecate": {
			"version": "1.0.2",
			"resolved": "https://registry.npmjs.org/util-deprecate/-/util-deprecate-1.0.2.tgz",
			"integrity": "sha1-RQ1Nyfpw3nMnYvvS1KKJgUGaDM8=",
			"dev": true
		},
		"xmlcreate": {
			"version": "1.0.2",
			"resolved": "https://registry.npmjs.org/xmlcreate/-/xmlcreate-1.0.2.tgz",
			"integrity": "sha1-+mv3YqYKQT+z3Y9LA8WyaSONMI8=",
			"dev": true
		},
		"xtend": {
			"version": "4.0.1",
			"resolved": "https://registry.npmjs.org/xtend/-/xtend-4.0.1.tgz",
			"integrity": "sha1-pcbVMr5lbiPbgg77lDofBJmNY68=",
			"dev": true
		}
	}
}
