{
  "name": "messageformat-loader",
  "version": "0.8.0",
  "lockfileVersion": 1,
  "requires": true,
  "dependencies": {
    "@babel/runtime": {
      "version": "7.4.5",
      "resolved": "https://registry.npmjs.org/@babel/runtime/-/runtime-7.4.5.tgz",
      "integrity": "sha512-TuI4qpWZP6lGOGIuGWtp9sPluqYICmbk8T/1vpSysqJxRPkudh/ofFWyqdcMsDf2s7KvDL4/YHgKyvcS3g9CJQ==",
      "requires": {
        "regenerator-runtime": "^0.13.2"
      }
    },
    "big.js": {
      "version": "5.2.2",
      "resolved": "https://registry.npmjs.org/big.js/-/big.js-5.2.2.tgz",
      "integrity": "sha512-vyL2OymJxmarO8gxMr0mhChsO9QGwhynfuu4+MHTAW6czfq9humCB7rKpUjDd9YUiDPU4mzpyupFSvOClAwbmQ=="
    },
    "common-prefix": {
      "version": "1.1.0",
      "resolved": "https://registry.npmjs.org/common-prefix/-/common-prefix-1.1.0.tgz",
      "integrity": "sha1-46Xqf6+u/H64TnYFI+GvuYX5DwA="
    },
    "emojis-list": {
      "version": "2.1.0",
      "resolved": "https://registry.npmjs.org/emojis-list/-/emojis-list-2.1.0.tgz",
      "integrity": "sha1-TapNnbAPmBmIDHn6RXrlsJof04k="
    },
    "json5": {
      "version": "1.0.1",
      "resolved": "https://registry.npmjs.org/json5/-/json5-1.0.1.tgz",
      "integrity": "sha512-aKS4WQjPenRxiQsC93MNfjx+nbF4PAdYzmd/1JIj8HYzqfbu86beTuNgXDzPknWk0n0uARlyewZo4s++ES36Ow==",
      "requires": {
        "minimist": "^1.2.0"
      }
    },
    "loader-utils": {
      "version": "1.2.3",
      "resolved": "https://registry.npmjs.org/loader-utils/-/loader-utils-1.2.3.tgz",
      "integrity": "sha512-fkpz8ejdnEMG3s37wGL07iSBDg99O9D5yflE9RGNH3hRdx9SOwYfnGYdZOUIZitN8E+E2vkq3MUMYMvPYl5ZZA==",
      "requires": {
        "big.js": "^5.2.2",
        "emojis-list": "^2.0.0",
        "json5": "^1.0.1"
      }
    },
    "make-plural": {
      "version": "4.3.0",
      "resolved": "https://registry.npmjs.org/make-plural/-/make-plural-4.3.0.tgz",
      "integrity": "sha512-xTYd4JVHpSCW+aqDof6w/MebaMVNTVYBZhbB/vi513xXdiPT92JMVCo0Jq8W2UZnzYRFeVbQiQ+I25l13JuKvA==",
      "requires": {
        "minimist": "^1.2.0"
      }
    },
    "messageformat": {
      "version": "2.2.1",
      "resolved": "https://registry.npmjs.org/messageformat/-/messageformat-2.2.1.tgz",
      "integrity": "sha512-yMeuqLBgmn2IFqy51xKMeuQQYK/SLVX4mqT51VaaVp2bCOEaYs2/4qN5mSnVTvkMdDNvt7YwGw4wpGR0WjeT6A==",
      "dev": true,
      "requires": {
        "make-plural": "^4.3.0",
        "messageformat-formatters": "^2.0.0",
        "messageformat-parser": "^4.1.1"
      }
    },
    "messageformat-convert": {
      "version": "0.3.0",
      "resolved": "https://registry.npmjs.org/messageformat-convert/-/messageformat-convert-0.3.0.tgz",
      "integrity": "sha512-DqsQ/j35i3tponTVCmsyw5hIDVRyx2RkfYhynckROb6ZzKLgyZnDrIXZtkYAmQ7ATCeAg1l47W0Lub1AjOJ6uw==",
      "requires": {
        "common-prefix": "1.1.0",
        "make-plural": "^4.3.0"
      }
    },
    "messageformat-formatters": {
      "version": "2.0.0",
      "resolved": "https://registry.npmjs.org/messageformat-formatters/-/messageformat-formatters-2.0.0.tgz",
      "integrity": "sha512-0AhoocUMk5CFKvqTubLfR6xKcoYAnbVFEMzXe2oNetLG0zlEHLg+gq4NQ3bBMy6T2qaOJRLjF2ZBT4Wzeof02A==",
      "dev": true
    },
    "messageformat-parser": {
      "version": "4.1.1",
      "resolved": "https://registry.npmjs.org/messageformat-parser/-/messageformat-parser-4.1.1.tgz",
      "integrity": "sha512-g5JfN4P58rrx0YVYo4S/tT23cYYm3NNeJLm2F2hhcFq1O1xieVGTssHa1QWMYeHCulTJ/1V7EMkOtItJa9LFUg==",
      "dev": true
    },
    "minimist": {
      "version": "1.2.0",
      "resolved": "https://registry.npmjs.org/minimist/-/minimist-1.2.0.tgz",
      "integrity": "sha1-o1AIsg9BOD7sH7kU9M1d95omQoQ="
    },
    "regenerator-runtime": {
      "version": "0.13.2",
      "resolved": "https://registry.npmjs.org/regenerator-runtime/-/regenerator-runtime-0.13.2.tgz",
      "integrity": "sha512-S/TQAZJO+D3m9xeN1WTI8dLKBBiRgXBlTJvbWjCThHWZj9EvHK70Ff50/tYj2J/fvBY6JtFVwRuazHN2E7M9BA=="
    },
    "yaml": {
      "version": "1.6.0",
      "resolved": "https://registry.npmjs.org/yaml/-/yaml-1.6.0.tgz",
      "integrity": "sha512-iZfse3lwrJRoSlfs/9KQ9iIXxs9++RvBFVzAqbbBiFT+giYtyanevreF9r61ZTbGMgWQBxAua3FzJiniiJXWWw==",
      "requires": {
        "@babel/runtime": "^7.4.5"
      }
    }
  }
}
