{
  "name": "messageformat-convert",
  "version": "0.3.0",
  "lockfileVersion": 1,
  "requires": true,
  "dependencies": {
    "common-prefix": {
      "version": "1.1.0",
      "resolved": "https://registry.npmjs.org/common-prefix/-/common-prefix-1.1.0.tgz",
      "integrity": "sha1-46Xqf6+u/H64TnYFI+GvuYX5DwA="
    },
    "make-plural": {
      "version": "5.0.0",
      "resolved": "https://registry.npmjs.org/make-plural/-/make-plural-5.0.0.tgz",
      "integrity": "sha512-1YH9im20TwiLUnpD72uoe6JJrdER04SOMCz4BLk0PWqrW1QxKW47SsJBSOf7HHH1ZYb8YZk10yXG60skmwiHlw=="
    }
  }
}
