{
  "name": "messageformat-convert",
  "version": "0.2.0",
  "lockfileVersion": 1,
  "requires": true,
  "dependencies": {
    "common-prefix": {
      "version": "1.1.0",
      "resolved": "https://registry.npmjs.org/common-prefix/-/common-prefix-1.1.0.tgz",
      "integrity": "sha1-46Xqf6+u/H64TnYFI+GvuYX5DwA="
    },
    "make-plural": {
      "version": "4.3.0",
      "resolved": "https://registry.npmjs.org/make-plural/-/make-plural-4.3.0.tgz",
      "integrity": "sha512-xTYd4JVHpSCW+aqDof6w/MebaMVNTVYBZhbB/vi513xXdiPT92JMVCo0Jq8W2UZnzYRFeVbQiQ+I25l13JuKvA==",
      "requires": {
        "minimist": "^1.2.0"
      }
    },
    "messageformat": {
      "version": "2.0.5",
      "resolved": "https://registry.npmjs.org/messageformat/-/messageformat-2.0.5.tgz",
      "integrity": "sha512-iT9/DUx75LqDGepfhKJpCxsCxlMFlyW/E7pI1KZE+TcT+bDcoLJfnwamq5qyRWiFo+eND5joxik9QlzWhqYgIg==",
      "dev": true,
      "requires": {
        "make-plural": "^4.3.0",
        "messageformat-parser": "^3.0.0",
        "reserved-words": "^0.1.2"
      }
    },
    "messageformat-parser": {
      "version": "3.0.0",
      "resolved": "http://registry.npmjs.org/messageformat-parser/-/messageformat-parser-3.0.0.tgz",
      "integrity": "sha512-5KfDWGAHz5kzfKH5V4M7+o3CIFiykCfFDaLK+Ck2fkaxYfLWwKZMioxrSsMRnkfMr0ZaaC0gcxyOUb2d0GCy4A==",
      "dev": true
    },
    "minimist": {
      "version": "1.2.0",
      "resolved": "http://registry.npmjs.org/minimist/-/minimist-1.2.0.tgz",
      "integrity": "sha1-o1AIsg9BOD7sH7kU9M1d95omQoQ=",
      "optional": true
    },
    "reserved-words": {
      "version": "0.1.2",
      "resolved": "https://registry.npmjs.org/reserved-words/-/reserved-words-0.1.2.tgz",
      "integrity": "sha1-AKCUD5jNUBrqqsMWQR2a3FKzGrE=",
      "dev": true
    }
  }
}
